{
  "requires": true,
  "lockfileVersion": 1,
  "dependencies": {
    "@react-three/postprocessing": {
      "version": "2.15.8",
      "resolved": "https://registry.npmjs.org/@react-three/postprocessing/-/postprocessing-2.15.8.tgz",
      "integrity": "sha512-zeIlK41zQfqGGdB/taHxk22BDsZf2tkpK+BtRPxdXXOjupUgj7IbF3X9G0au5NL7QVDCopm/5zpi3D0ES7itDw==",
      "requires": {
        "buffer": "^6.0.3",
        "maath": "^0.6.0",
        "n8ao": "^1.6.6",
        "postprocessing": "^6.32.1",
        "three-stdlib": "^2.23.4"
      }
    },
    "@types/draco3d": {
      "version": "1.4.8",
      "resolved": "https://registry.npmjs.org/@types/draco3d/-/draco3d-1.4.8.tgz",
      "integrity": "sha512-hdA2gODc+1X5gG+buH8gMRnQdRTa3vep8+PyGFK9xDQmbdudobP//yXLK+C/SnjGLWHiER2QL+xWjq7qkFuivA=="
    },
    "@types/offscreencanvas": {
      "version": "2019.7.3",
      "resolved": "https://registry.npmjs.org/@types/offscreencanvas/-/offscreencanvas-2019.7.3.tgz",
      "integrity": "sha512-ieXiYmgSRXUDeOntE1InxjWyvEelZGP63M+cGuquuRLuIKKT1osnkXjxev9B7d1nXSug5vpunx+gNlbVxMlC9A=="
    },
    "@types/webxr": {
      "version": "0.5.8",
      "resolved": "https://registry.npmjs.org/@types/webxr/-/webxr-0.5.8.tgz",
      "integrity": "sha512-9vRpV4nMzuZIdJiu/nHUk1AQV0cguaBI32DIauJXBxpvG3wiXk3VD+kQKx111V7I/YvAoGyJZTyhaWODYEbZ0w=="
    },
    "base64-js": {
      "version": "1.5.1",
      "resolved": "https://registry.npmjs.org/base64-js/-/base64-js-1.5.1.tgz",
      "integrity": "sha512-AKpaYlHn8t4SVbOHCy+b5+KKgvR4vrsD8vbvrbiQJps7fKDTkjkDry6ji0rUJjC0kzbNePLwzxq8iypo41qeWA=="
    },
    "buffer": {
      "version": "6.0.3",
      "resolved": "https://registry.npmjs.org/buffer/-/buffer-6.0.3.tgz",
      "integrity": "sha512-FTiCpNxtwiZZHEZbcbTIcZjERVICn9yq/pDFkTl95/AxzD1naBctN7YO68riM/gLSDY7sdrMby8hofADYuuqOA==",
      "requires": {
        "base64-js": "^1.3.1",
        "ieee754": "^1.2.1"
      }
    },
    "draco3d": {
      "version": "1.5.6",
      "resolved": "https://registry.npmjs.org/draco3d/-/draco3d-1.5.6.tgz",
      "integrity": "sha512-+3NaRjWktb5r61ZFoDejlykPEFKT5N/LkbXsaddlw6xNSXBanUYpFc2AXXpbJDilPHazcSreU/DpQIaxfX0NfQ=="
    },
    "fflate": {
      "version": "0.6.10",
      "resolved": "https://registry.npmjs.org/fflate/-/fflate-0.6.10.tgz",
      "integrity": "sha512-IQrh3lEPM93wVCEczc9SaAOvkmcoQn/G8Bo1e8ZPlY3X3bnAxWaBdvTdvM1hP62iZp0BXWDy4vTAy4fF0+Dlpg=="
    },
    "ieee754": {
      "version": "1.2.1",
      "resolved": "https://registry.npmjs.org/ieee754/-/ieee754-1.2.1.tgz",
      "integrity": "sha512-dcyqhDvX1C46lXZcVqCpK+FtMRQVdIMN6/Df5js2zouUsqG7I6sFxitIC+7KYK29KdXOLHdu9zL4sFnoVQnqaA=="
    },
    "maath": {
      "version": "0.6.0",
      "resolved": "https://registry.npmjs.org/maath/-/maath-0.6.0.tgz",
      "integrity": "sha512-dSb2xQuP7vDnaYqfoKzlApeRcR2xtN8/f7WV/TMAkBC8552TwTLtOO0JTcSygkYMjNDPoo6V01jTw/aPi4JrMw=="
    },
    "n8ao": {
      "version": "1.6.8",
      "resolved": "https://registry.npmjs.org/n8ao/-/n8ao-1.6.8.tgz",
      "integrity": "sha512-3xaBaoMIplgPdBK+9mZefa8stWEoA2673h2734wYMxm/hUkMLENMhzymDe+WZueFQq93ly4xpl5s1NJrQBzFOQ=="
    },
    "postprocessing": {
      "version": "6.33.3",
      "resolved": "https://registry.npmjs.org/postprocessing/-/postprocessing-6.33.3.tgz",
      "integrity": "sha512-zQAVvcMf7bfeggQNQeVErD/UFd1XHBi2X6+yxwIv9PjhGCLAYKue3UuzVyu95O7ZUvkDwF0TyTzKdxoaVwYi7w=="
    },
    "potpack": {
      "version": "1.0.2",
      "resolved": "https://registry.npmjs.org/potpack/-/potpack-1.0.2.tgz",
      "integrity": "sha512-choctRBIV9EMT9WGAZHn3V7t0Z2pMQyl0EZE6pFc/6ml3ssw7Dlf/oAOvFwjm1HVsqfQN8GfeFyJ+d8tRzqueQ=="
    },
    "react-merge-refs": {
      "version": "1.1.0",
      "resolved": "https://registry.npmjs.org/react-merge-refs/-/react-merge-refs-1.1.0.tgz",
      "integrity": "sha512-alTKsjEL0dKH/ru1Iyn7vliS2QRcBp9zZPGoWxUOvRGWPUYgjo+V01is7p04It6KhgrzhJGnIj9GgX8W4bZoCQ=="
    },
    "screen-space-reflections": {
      "version": "2.5.0",
      "resolved": "https://registry.npmjs.org/screen-space-reflections/-/screen-space-reflections-2.5.0.tgz",
      "integrity": "sha512-fWSDMhJS0xwD3LTxRRch7Lb9NzxsR66sCmtDmAA7i+OGnghUrBBsrha85ng7StnCBaLq/BKmZ97dLxWd1XgWdQ=="
    },
    "three-stdlib": {
      "version": "2.28.5",
      "resolved": "https://registry.npmjs.org/three-stdlib/-/three-stdlib-2.28.5.tgz",
      "integrity": "sha512-JdLMhkpT+1ZWeQPyKQNW1zqUwISI2hsUljS6u3vB9lp5EvwsayaAzGnbVeR35895udOF+zxcTiQY3psk+qqlxg==",
      "requires": {
        "@types/draco3d": "^1.4.0",
        "@types/offscreencanvas": "^2019.6.4",
        "@types/webxr": "^0.5.2",
        "draco3d": "^1.4.1",
        "fflate": "^0.6.9",
        "potpack": "^1.0.1"
      }
    }
  }
}
